
Microsoft Visual Studio Solution File, Format Version 12.00
# Visual Studio Version 16
VisualStudioVersion = 16.0.31911.196
MinimumVisualStudioVersion = 10.0.40219.1
Project("{FAE04EC0-301F-11D3-BF4B-00C04F79EFBC}") = "DBP_PROJECT", "DBP_PROJECT\DBP_PROJECT.csproj", "{AF4E774A-691B-4B34-9BEC-60E44B40EF47}"
EndProject
Global
	GlobalSection(SolutionConfigurationPlatforms) = preSolution
		Debug|Any CPU = Debug|Any CPU
		Release|Any CPU = Release|Any CPU
	EndGlobalSection
	GlobalSection(ProjectConfigurationPlatforms) = postSolution
		{AF4E774A-691B-4B34-9BEC-60E44B40EF47}.Debug|Any CPU.ActiveCfg = Debug|Any CPU
		{AF4E774A-691B-4B34-9BEC-60E44B40EF47}.Debug|Any CPU.Build.0 = Debug|Any CPU
		{AF4E774A-691B-4B34-9BEC-60E44B40EF47}.Release|Any CPU.ActiveCfg = Release|Any CPU
		{AF4E774A-691B-4B34-9BEC-60E44B40EF47}.Release|Any CPU.Build.0 = Release|Any CPU
	EndGlobalSection
	GlobalSection(SolutionProperties) = preSolution
		HideSolutionNode = FALSE
	EndGlobalSection
	GlobalSection(ExtensibilityGlobals) = postSolution
		SolutionGuid = {A28763BB-4872-4F7C-80B6-8E3AF83071BD}
	EndGlobalSection
EndGlobal
